Microsoft Visual Studio Solution File, Format Version 12.00
# 17
VisualStudioVersion = 17.11.35327.3
MinimumVisualStudioVersion = 10.0.40219.1
Project("{2150E333-8FDC-42A3-9474-1A3956D46DE8}") = "src", "src", "{FD7C2B95-D730-4709-8E80-3D7233DDCBBD}"
EndProject
Project("{FAE04EC0-301F-11D3-BF4B-00C04F79EFBC}") = "WebApi", "src\WebApi\WebApi.csproj", "{7D9B8386-81F3-4608-9CDC-1E811570B18A}"
EndProject
Project("{FAE04EC0-301F-11D3-BF4B-00C04F79EFBC}") = "WorkerService", "src\WorkerService\WorkerService.csproj", "{2B9D9E2F-9A37-4D5F-87F3-9C42E2CC8300}"
EndProject
Global
	GlobalSection(SolutionConfigurationPlatforms) = preSolution
		Debug|Any CPU = Debug|Any CPU
		Release|Any CPU = Release|Any CPU
	EndGlobalSection
	GlobalSection(ProjectConfigurationPlatforms) = postSolution
		{7D9B8386-81F3-4608-9CDC-1E811570B18A}.Debug|Any CPU.ActiveCfg = Debug|Any CPU
		{7D9B8386-81F3-4608-9CDC-1E811570B18A}.Debug|Any CPU.Build.0 = Debug|Any CPU
		{7D9B8386-81F3-4608-9CDC-1E811570B18A}.Release|Any CPU.ActiveCfg = Release|Any CPU
		{7D9B8386-81F3-4608-9CDC-1E811570B18A}.Release|Any CPU.Build.0 = Release|Any CPU
		{2B9D9E2F-9A37-4D5F-87F3-9C42E2CC8300}.Debug|Any CPU.ActiveCfg = Debug|Any CPU
		{2B9D9E2F-9A37-4D5F-87F3-9C42E2CC8300}.Debug|Any CPU.Build.0 = Debug|Any CPU
		{2B9D9E2F-9A37-4D5F-87F3-9C42E2CC8300}.Release|Any CPU.ActiveCfg = Release|Any CPU
		{2B9D9E2F-9A37-4D5F-87F3-9C42E2CC8300}.Release|Any CPU.Build.0 = Release|Any CPU
	EndGlobalSection
	GlobalSection(SolutionProperties) = preSolution
		HideSolutionNode = FALSE
	EndGlobalSection
	GlobalSection(NestedProjects) = preSolution
		{7D9B8386-81F3-4608-9CDC-1E811570B18A} = {FD7C2B95-D730-4709-8E80-3D7233DDCBBD}
		{2B9D9E2F-9A37-4D5F-87F3-9C42E2CC8300} = {FD7C2B95-D730-4709-8E80-3D7233DDCBBD}
	EndGlobalSection
	GlobalSection(ExtensibilityGlobals) = postSolution
		SolutionGuid = {14A284AB-78E6-4D8C-A4BE-E4737FA30E11}
	EndGlobalSection
EndGlobal
